// !$*UTF8*$!
{
	archiveVersion = 1;
	classes = {
	};
	objectVersion = 51;
	objects = {

/* Begin PBXBuildFile section */
		4529986423F1065700DB998E /* MovieDetailsViewController.swift in Sources */ = {isa = PBXBuildFile; fileRef = 4529986323F1065700DB998E /* MovieDetailsViewController.swift */; };
		4529986623F10D5500DB998E /* MovieGridViewController.swift in Sources */ = {isa = PBXBuildFile; fileRef = 4529986523F10D5500DB998E /* MovieGridViewController.swift */; };
		4529986823F1108D00DB998E /* MovieGridCell.swift in Sources */ = {isa = PBXBuildFile; fileRef = 4529986723F1108D00DB998E /* MovieGridCell.swift */; };
		4529986A23F118BE00DB998E /* MovieGridDetailsViewController.swift in Sources */ = {isa = PBXBuildFile; fileRef = 4529986923F118BE00DB998E /* MovieGridDetailsViewController.swift */; };
		458BCA1B23EB984C00A97E67 /* MovieCell.swift in Sources */ = {isa = PBXBuildFile; fileRef = 458BCA1A23EB984C00A97E67 /* MovieCell.swift */; };
		45B21B8823E8E06F004DE903 /* AppDelegate.swift in Sources */ = {isa = PBXBuildFile; fileRef = 45B21B8723E8E06F004DE903 /* AppDelegate.swift */; };
		45B21B8A23E8E06F004DE903 /* SceneDelegate.swift in Sources */ = {isa = PBXBuildFile; fileRef = 45B21B8923E8E06F004DE903 /* SceneDelegate.swift */; };
		45B21B8F23E8E06F004DE903 /* Main.storyboard in Resources */ = {isa = PBXBuildFile; fileRef = 45B21B8D23E8E06F004DE903 /* Main.storyboard */; };
		45B21B9123E8E070004DE903 /* Assets.xcassets in Resources */ = {isa = PBXBuildFile; fileRef = 45B21B9023E8E070004DE903 /* Assets.xcassets */; };
		45B21B9423E8E070004DE903 /* LaunchScreen.storyboard in Resources */ = {isa = PBXBuildFile; fileRef = 45B21B9223E8E070004DE903 /* LaunchScreen.storyboard */; };
		45B21B9F23E8E070004DE903 /* flixTests.swift in Sources */ = {isa = PBXBuildFile; fileRef = 45B21B9E23E8E070004DE903 /* flixTests.swift */; };
		45B21BAA23E8E070004DE903 /* flixUITests.swift in Sources */ = {isa = PBXBuildFile; fileRef = 45B21BA923E8E070004DE903 /* flixUITests.swift */; };
		45B21BB823E8E136004DE903 /* MoviesViewController.swift in Sources */ = {isa = PBXBuildFile; fileRef = 45B21BB723E8E136004DE903 /* MoviesViewController.swift */; };
		868AA7A5442D53088F32CEFC /* Pods_flix.framework in Frameworks */ = {isa = PBXBuildFile; fileRef = 0894CDFE2627D4F912A94294 /* Pods_flix.framework */; };
		8880F3E26A1CB4A334A48E69 /* Pods_flixTests.framework in Frameworks */ = {isa = PBXBuildFile; fileRef = 3F98E9CB01206C4A381BB4D8 /* Pods_flixTests.framework */; };
		8FEBBC85FF38EB229DE22A34 /* Pods_flix_flixUITests.framework in Frameworks */ = {isa = PBXBuildFile; fileRef = B08A2DBEC0FF3314190A3E67 /* Pods_flix_flixUITests.framework */; };
/* End PBXBuildFile section */

/* Begin PBXContainerItemProxy section */
		45B21B9B23E8E070004DE903 /* PBXContainerItemProxy */ = {
			isa = PBXContainerItemProxy;
			containerPortal = 45B21B7C23E8E06F004DE903 /* Project object */;
			proxyType = 1;
			remoteGlobalIDString = 45B21B8323E8E06F004DE903;
			remoteInfo = flix;
		};
		45B21BA623E8E070004DE903 /* PBXContainerItemProxy */ = {
			isa = PBXContainerItemProxy;
			containerPortal = 45B21B7C23E8E06F004DE903 /* Project object */;
			proxyType = 1;
			remoteGlobalIDString = 45B21B8323E8E06F004DE903;
			remoteInfo = flix;
		};
/* End PBXContainerItemProxy section */

/* Begin PBXFileReference section */
		0894CDFE2627D4F912A94294 /* Pods_flix.framework */ = {isa = PBXFileReference; explicitFileType = wrapper.framework; includeInIndex = 0; path = Pods_flix.framework; sourceTree = BUILT_PRODUCTS_DIR; };
		0D970D6BD67BBE0FBFEB1FF6 /* Pods-flixTests.debug.xcconfig */ = {isa = PBXFileReference; includeInIndex = 1; lastKnownFileType = text.xcconfig; name = "Pods-flixTests.debug.xcconfig"; path = "Target Support Files/Pods-flixTests/Pods-flixTests.debug.xcconfig"; sourceTree = "<group>"; };
		3F98E9CB01206C4A381BB4D8 /* Pods_flixTests.framework */ = {isa = PBXFileReference; explicitFileType = wrapper.framework; includeInIndex = 0; path = Pods_flixTests.framework; sourceTree = BUILT_PRODUCTS_DIR; };
		4529986323F1065700DB998E /* MovieDetailsViewController.swift */ = {isa = PBXFileReference; lastKnownFileType = sourcecode.swift; path = MovieDetailsViewController.swift; sourceTree = "<group>"; };
		4529986523F10D5500DB998E /* MovieGridViewController.swift */ = {isa = PBXFileReference; lastKnownFileType = sourcecode.swift; path = MovieGridViewController.swift; sourceTree = "<group>"; };
		4529986723F1108D00DB998E /* MovieGridCell.swift */ = {isa = PBXFileReference; lastKnownFileType = sourcecode.swift; path = MovieGridCell.swift; sourceTree = "<group>"; };
		4529986923F118BE00DB998E /* MovieGridDetailsViewController.swift */ = {isa = PBXFileReference; lastKnownFileType = sourcecode.swift; path = MovieGridDetailsViewController.swift; sourceTree = "<group>"; };
		458BCA1A23EB984C00A97E67 /* MovieCell.swift */ = {isa = PBXFileReference; lastKnownFileType = sourcecode.swift; path = MovieCell.swift; sourceTree = "<group>"; };
		45B21B8423E8E06F004DE903 /* flix.app */ = {isa = PBXFileReference; explicitFileType = wrapper.application; includeInIndex = 0; path = flix.app; sourceTree = BUILT_PRODUCTS_DIR; };
		45B21B8723E8E06F004DE903 /* AppDelegate.swift */ = {isa = PBXFileReference; lastKnownFileType = sourcecode.swift; path = AppDelegate.swift; sourceTree = "<group>"; };
		45B21B8923E8E06F004DE903 /* SceneDelegate.swift */ = {isa = PBXFileReference; lastKnownFileType = sourcecode.swift; path = SceneDelegate.swift; sourceTree = "<group>"; };
		45B21B8E23E8E06F004DE903 /* Base */ = {isa = PBXFileReference; lastKnownFileType = file.storyboard; name = Base; path = Base.lproj/Main.storyboard; sourceTree = "<group>"; };
		45B21B9023E8E070004DE903 /* Assets.xcassets */ = {isa = PBXFileReference; lastKnownFileType = folder.assetcatalog; path = Assets.xcassets; sourceTree = "<group>"; };
		45B21B9323E8E070004DE903 /* Base */ = {isa = PBXFileReference; lastKnownFileType = file.storyboard; name = Base; path = Base.lproj/LaunchScreen.storyboard; sourceTree = "<group>"; };
		45B21B9523E8E070004DE903 /* Info.plist */ = {isa = PBXFileReference; lastKnownFileType = text.plist.xml; path = Info.plist; sourceTree = "<group>"; };
		45B21B9A23E8E070004DE903 /* flixTests.xctest */ = {isa = PBXFileReference; explicitFileType = wrapper.cfbundle; includeInIndex = 0; path = flixTests.xctest; sourceTree = BUILT_PRODUCTS_DIR; };
		45B21B9E23E8E070004DE903 /* flixTests.swift */ = {isa = PBXFileReference; lastKnownFileType = sourcecode.swift; path = flixTests.swift; sourceTree = "<group>"; };
		45B21BA023E8E070004DE903 /* Info.plist */ = {isa = PBXFileReference; lastKnownFileType = text.plist.xml; path = Info.plist; sourceTree = "<group>"; };
		45B21BA523E8E070004DE903 /* flixUITests.xctest */ = {isa = PBXFileReference; explicitFileType = wrapper.cfbundle; includeInIndex = 0; path = flixUITests.xctest; sourceTree = BUILT_PRODUCTS_DIR; };
		45B21BA923E8E070004DE903 /* flixUITests.swift */ = {isa = PBXFileReference; lastKnownFileType = sourcecode.swift; path = flixUITests.swift; sourceTree = "<group>"; };
		45B21BAB23E8E070004DE903 /* Info.plist */ = {isa = PBXFileReference; lastKnownFileType = text.plist.xml; path = Info.plist; sourceTree = "<group>"; };
		45B21BB723E8E136004DE903 /* MoviesViewController.swift */ = {isa = PBXFileReference; lastKnownFileType = sourcecode.swift; path = MoviesViewController.swift; sourceTree = "<group>"; };
		4EB24CC1FB96540354445F61 /* Pods-flix-flixUITests.debug.xcconfig */ = {isa = PBXFileReference; includeInIndex = 1; lastKnownFileType = text.xcconfig; name = "Pods-flix-flixUITests.debug.xcconfig"; path = "Target Support Files/Pods-flix-flixUITests/Pods-flix-flixUITests.debug.xcconfig"; sourceTree = "<group>"; };
		60139732AECDB98CA9B6583E /* Pods-flix-flixUITests.release.xcconfig */ = {isa = PBXFileReference; includeInIndex = 1; lastKnownFileType = text.xcconfig; name = "Pods-flix-flixUITests.release.xcconfig"; path = "Target Support Files/Pods-flix-flixUITests/Pods-flix-flixUITests.release.xcconfig"; sourceTree = "<group>"; };
		875C8D23347BE52B1CE24C5B /* Pods-flix.debug.xcconfig */ = {isa = PBXFileReference; includeInIndex = 1; lastKnownFileType = text.xcconfig; name = "Pods-flix.debug.xcconfig"; path = "Target Support Files/Pods-flix/Pods-flix.debug.xcconfig"; sourceTree = "<group>"; };
		94FBFCE69EC23279BE92ACF6 /* Pods-flix.release.xcconfig */ = {isa = PBXFileReference; includeInIndex = 1; lastKnownFileType = text.xcconfig; name = "Pods-flix.release.xcconfig"; path = "Target Support Files/Pods-flix/Pods-flix.release.xcconfig"; sourceTree = "<group>"; };
		B08A2DBEC0FF3314190A3E67 /* Pods_flix_flixUITests.framework */ = {isa = PBXFileReference; explicitFileType = wrapper.framework; includeInIndex = 0; path = Pods_flix_flixUITests.framework; sourceTree = BUILT_PRODUCTS_DIR; };
		DB13408DCEB2937C8506D97B /* Pods-flixTests.release.xcconfig */ = {isa = PBXFileReference; includeInIndex = 1; lastKnownFileType = text.xcconfig; name = "Pods-flixTests.release.xcconfig"; path = "Target Support Files/Pods-flixTests/Pods-flixTests.release.xcconfig"; sourceTree = "<group>"; };
/* End PBXFileReference section */

/* Begin PBXFrameworksBuildPhase section */
		45B21B8123E8E06F004DE903 /* Frameworks */ = {
			isa = PBXFrameworksBuildPhase;
			buildActionMask = 2147483647;
			files = (
				868AA7A5442D53088F32CEFC /* Pods_flix.framework in Frameworks */,
			);
			runOnlyForDeploymentPostprocessing = 0;
		};
		45B21B9723E8E070004DE903 /* Frameworks */ = {
			isa = PBXFrameworksBuildPhase;
			buildActionMask = 2147483647;
			files = (
				8880F3E26A1CB4A334A48E69 /* Pods_flixTests.framework in Frameworks */,
			);
			runOnlyForDeploymentPostprocessing = 0;
		};
		45B21BA223E8E070004DE903 /* Frameworks */ = {
			isa = PBXFrameworksBuildPhase;
			buildActionMask = 2147483647;
			files = (
				8FEBBC85FF38EB229DE22A34 /* Pods_flix_flixUITests.framework in Frameworks */,
			);
			runOnlyForDeploymentPostprocessing = 0;
		};
/* End PBXFrameworksBuildPhase section */

/* Begin PBXGroup section */
		45B21B7B23E8E06F004DE903 = {
			isa = PBXGroup;
			children = (
				45B21B8623E8E06F004DE903 /* flix */,
				45B21B9D23E8E070004DE903 /* flixTests */,
				45B21BA823E8E070004DE903 /* flixUITests */,
				45B21B8523E8E06F004DE903 /* Products */,
				947C11CFCEB411FD849231A0 /* Pods */,
				7626E4C3C8010E07888D173C /* Frameworks */,
			);
			sourceTree = "<group>";
		};
		45B21B8523E8E06F004DE903 /* Products */ = {
			isa = PBXGroup;
			children = (
				45B21B8423E8E06F004DE903 /* flix.app */,
				45B21B9A23E8E070004DE903 /* flixTests.xctest */,
				45B21BA523E8E070004DE903 /* flixUITests.xctest */,
			);
			name = Products;
			sourceTree = "<group>";
		};
		45B21B8623E8E06F004DE903 /* flix */ = {
			isa = PBXGroup;
			children = (
				45B21B8723E8E06F004DE903 /* AppDelegate.swift */,
				45B21B9023E8E070004DE903 /* Assets.xcassets */,
				45B21B9523E8E070004DE903 /* Info.plist */,
				45B21B9223E8E070004DE903 /* LaunchScreen.storyboard */,
				45B21B8D23E8E06F004DE903 /* Main.storyboard */,
				458BCA1A23EB984C00A97E67 /* MovieCell.swift */,
				4529986323F1065700DB998E /* MovieDetailsViewController.swift */,
				4529986723F1108D00DB998E /* MovieGridCell.swift */,
				4529986923F118BE00DB998E /* MovieGridDetailsViewController.swift */,
				4529986523F10D5500DB998E /* MovieGridViewController.swift */,
				45B21BB723E8E136004DE903 /* MoviesViewController.swift */,
				45B21B8923E8E06F004DE903 /* SceneDelegate.swift */,
			);
			path = flix;
			sourceTree = "<group>";
		};
		45B21B9D23E8E070004DE903 /* flixTests */ = {
			isa = PBXGroup;
			children = (
				45B21B9E23E8E070004DE903 /* flixTests.swift */,
				45B21BA023E8E070004DE903 /* Info.plist */,
			);
			path = flixTests;
			sourceTree = "<group>";
		};
		45B21BA823E8E070004DE903 /* flixUITests */ = {
			isa = PBXGroup;
			children = (
				45B21BA923E8E070004DE903 /* flixUITests.swift */,
				45B21BAB23E8E070004DE903 /* Info.plist */,
			);
			path = flixUITests;
			sourceTree = "<group>";
		};
		7626E4C3C8010E07888D173C /* Frameworks */ = {
			isa = PBXGroup;
			children = (
				0894CDFE2627D4F912A94294 /* Pods_flix.framework */,
				B08A2DBEC0FF3314190A3E67 /* Pods_flix_flixUITests.framework */,
				3F98E9CB01206C4A381BB4D8 /* Pods_flixTests.framework */,
			);
			name = Frameworks;
			sourceTree = "<group>";
		};
		947C11CFCEB411FD849231A0 /* Pods */ = {
			isa = PBXGroup;
			children = (
				875C8D23347BE52B1CE24C5B /* Pods-flix.debug.xcconfig */,
				94FBFCE69EC23279BE92ACF6 /* Pods-flix.release.xcconfig */,
				4EB24CC1FB96540354445F61 /* Pods-flix-flixUITests.debug.xcconfig */,
				60139732AECDB98CA9B6583E /* Pods-flix-flixUITests.release.xcconfig */,
				0D970D6BD67BBE0FBFEB1FF6 /* Pods-flixTests.debug.xcconfig */,
				DB13408DCEB2937C8506D97B /* Pods-flixTests.release.xcconfig */,
			);
			path = Pods;
			sourceTree = "<group>";
		};
/* End PBXGroup section */

/* Begin PBXNativeTarget section */
		45B21B8323E8E06F004DE903 /* flix */ = {
			isa = PBXNativeTarget;
			buildConfigurationList = 45B21BAE23E8E071004DE903 /* Build configuration list for PBXNativeTarget "flix" */;
			buildPhases = (
				94D06DA510024759D2E88A8D /* [CP] Check Pods Manifest.lock */,
				45B21B8023E8E06F004DE903 /* Sources */,
				45B21B8123E8E06F004DE903 /* Frameworks */,
				45B21B8223E8E06F004DE903 /* Resources */,
				9CE87F53C2A691C9EF2FD246 /* [CP] Embed Pods Frameworks */,
			);
			buildRules = (
			);
			dependencies = (
			);
			name = flix;
			productName = flix;
			productReference = 45B21B8423E8E06F004DE903 /* flix.app */;
			productType = "com.apple.product-type.application";
		};
		45B21B9923E8E070004DE903 /* flixTests */ = {
			isa = PBXNativeTarget;
			buildConfigurationList = 45B21BB123E8E071004DE903 /* Build configuration list for PBXNativeTarget "flixTests" */;
			buildPhases = (
				AE0C636ECAB1D92C5E67E046 /* [CP] Check Pods Manifest.lock */,
				45B21B9623E8E070004DE903 /* Sources */,
				45B21B9723E8E070004DE903 /* Frameworks */,
				45B21B9823E8E070004DE903 /* Resources */,
			);
			buildRules = (
			);
			dependencies = (
				45B21B9C23E8E070004DE903 /* PBXTargetDependency */,
			);
			name = flixTests;
			productName = flixTests;
			productReference = 45B21B9A23E8E070004DE903 /* flixTests.xctest */;
			productType = "com.apple.product-type.bundle.unit-test";
		};
		45B21BA423E8E070004DE903 /* flixUITests */ = {
			isa = PBXNativeTarget;
			buildConfigurationList = 45B21BB423E8E071004DE903 /* Build configuration list for PBXNativeTarget "flixUITests" */;
			buildPhases = (
				DA978AC6FD291F0A4CA70858 /* [CP] Check Pods Manifest.lock */,
				45B21BA123E8E070004DE903 /* Sources */,
				45B21BA223E8E070004DE903 /* Frameworks */,
				45B21BA323E8E070004DE903 /* Resources */,
				00BCDB230359DE156972662C /* [CP] Embed Pods Frameworks */,
			);
			buildRules = (
			);
			dependencies = (
				45B21BA723E8E070004DE903 /* PBXTargetDependency */,
			);
			name = flixUITests;
			productName = flixUITests;
			productReference = 45B21BA523E8E070004DE903 /* flixUITests.xctest */;
			productType = "com.apple.product-type.bundle.ui-testing";
		};
/* End PBXNativeTarget section */

/* Begin PBXProject section */
		45B21B7C23E8E06F004DE903 /* Project object */ = {
			isa = PBXProject;
			attributes = {
				LastSwiftUpdateCheck = 1130;
				LastUpgradeCheck = 1130;
				ORGANIZATIONNAME = "Yazmin Carrillo";
				TargetAttributes = {
					45B21B8323E8E06F004DE903 = {
						CreatedOnToolsVersion = 11.3.1;
					};
					45B21B9923E8E070004DE903 = {
						CreatedOnToolsVersion = 11.3.1;
						TestTargetID = 45B21B8323E8E06F004DE903;
					};
					45B21BA423E8E070004DE903 = {
						CreatedOnToolsVersion = 11.3.1;
						TestTargetID = 45B21B8323E8E06F004DE903;
					};
				};
			};
			buildConfigurationList = 45B21B7F23E8E06F004DE903 /* Build configuration list for PBXProject "flix" */;
			compatibilityVersion = "Xcode 9.3";
			developmentRegion = en;
			hasScannedForEncodings = 0;
			knownRegions = (
				en,
				Base,
			);
			mainGroup = 45B21B7B23E8E06F004DE903;
			productRefGroup = 45B21B8523E8E06F004DE903 /* Products */;
			projectDirPath = "";
			projectRoot = "";
			targets = (
				45B21B8323E8E06F004DE903 /* flix */,
				45B21B9923E8E070004DE903 /* flixTests */,
				45B21BA423E8E070004DE903 /* flixUITests */,
			);
		};
/* End PBXProject section */

/* Begin PBXResourcesBuildPhase section */
		45B21B8223E8E06F004DE903 /* Resources */ = {
			isa = PBXResourcesBuildPhase;
			buildActionMask = 2147483647;
			files = (
				45B21B9423E8E070004DE903 /* LaunchScreen.storyboard in Resources */,
				45B21B9123E8E070004DE903 /* Assets.xcassets in Resources */,
				45B21B8F23E8E06F004DE903 /* Main.storyboard in Resources */,
			);
			runOnlyForDeploymentPostprocessing = 0;
		};
		45B21B9823E8E070004DE903 /* Resources */ = {
			isa = PBXResourcesBuildPhase;
			buildActionMask = 2147483647;
			files = (
			);
			runOnlyForDeploymentPostprocessing = 0;
		};
		45B21BA323E8E070004DE903 /* Resources */ = {
			isa = PBXResourcesBuildPhase;
			buildActionMask = 2147483647;
			files = (
			);
			runOnlyForDeploymentPostprocessing = 0;
		};
/* End PBXResourcesBuildPhase section */

/* Begin PBXShellScriptBuildPhase section */
		00BCDB230359DE156972662C /* [CP] Embed Pods Frameworks */ = {
			isa = PBXShellScriptBuildPhase;
			buildActionMask = 2147483647;
			files = (
			);
			inputFileListPaths = (
				"${PODS_ROOT}/Target Support Files/Pods-flix-flixUITests/Pods-flix-flixUITests-frameworks-${CONFIGURATION}-input-files.xcfilelist",
			);
			name = "[CP] Embed Pods Frameworks";
			outputFileListPaths = (
				"${PODS_ROOT}/Target Support Files/Pods-flix-flixUITests/Pods-flix-flixUITests-frameworks-${CONFIGURATION}-output-files.xcfilelist",
			);
			runOnlyForDeploymentPostprocessing = 0;
			shellPath = /bin/sh;
			shellScript = "\"${PODS_ROOT}/Target Support Files/Pods-flix-flixUITests/Pods-flix-flixUITests-frameworks.sh\"\n";
			showEnvVarsInLog = 0;
		};
		94D06DA510024759D2E88A8D /* [CP] Check Pods Manifest.lock */ = {
			isa = PBXShellScriptBuildPhase;
			buildActionMask = 2147483647;
			files = (
			);
			inputFileListPaths = (
			);
			inputPaths = (
				"${PODS_PODFILE_DIR_PATH}/Podfile.lock",
				"${PODS_ROOT}/Manifest.lock",
			);
			name = "[CP] Check Pods Manifest.lock";
			outputFileListPaths = (
			);
			outputPaths = (
				"$(DERIVED_FILE_DIR)/Pods-flix-checkManifestLockResult.txt",
			);
			runOnlyForDeploymentPostprocessing = 0;
			shellPath = /bin/sh;
			shellScript = "diff \"${PODS_PODFILE_DIR_PATH}/Podfile.lock\" \"${PODS_ROOT}/Manifest.lock\" > /dev/null\nif [ $? != 0 ] ; then\n    # print error to STDERR\n    echo \"error: The sandbox is not in sync with the Podfile.lock. Run 'pod install' or update your CocoaPods installation.\" >&2\n    exit 1\nfi\n# This output is used by Xcode 'outputs' to avoid re-running this script phase.\necho \"SUCCESS\" > \"${SCRIPT_OUTPUT_FILE_0}\"\n";
			showEnvVarsInLog = 0;
		};
		9CE87F53C2A691C9EF2FD246 /* [CP] Embed Pods Frameworks */ = {
			isa = PBXShellScriptBuildPhase;
			buildActionMask = 2147483647;
			files = (
			);
			inputFileListPaths = (
				"${PODS_ROOT}/Target Support Files/Pods-flix/Pods-flix-frameworks-${CONFIGURATION}-input-files.xcfilelist",
			);
			name = "[CP] Embed Pods Frameworks";
			outputFileListPaths = (
				"${PODS_ROOT}/Target Support Files/Pods-flix/Pods-flix-frameworks-${CONFIGURATION}-output-files.xcfilelist",
			);
			runOnlyForDeploymentPostprocessing = 0;
			shellPath = /bin/sh;
			shellScript = "\"${PODS_ROOT}/Target Support Files/Pods-flix/Pods-flix-frameworks.sh\"\n";
			showEnvVarsInLog = 0;
		};
		AE0C636ECAB1D92C5E67E046 /* [CP] Check Pods Manifest.lock */ = {
			isa = PBXShellScriptBuildPhase;
			buildActionMask = 2147483647;
			files = (
			);
			inputFileListPaths = (
			);
			inputPaths = (
				"${PODS_PODFILE_DIR_PATH}/Podfile.lock",
				"${PODS_ROOT}/Manifest.lock",
			);
			name = "[CP] Check Pods Manifest.lock";
			outputFileListPaths = (
			);
			outputPaths = (
				"$(DERIVED_FILE_DIR)/Pods-flixTests-checkManifestLockResult.txt",
			);
			runOnlyForDeploymentPostprocessing = 0;
			shellPath = /bin/sh;
			shellScript = "diff \"${PODS_PODFILE_DIR_PATH}/Podfile.lock\" \"${PODS_ROOT}/Manifest.lock\" > /dev/null\nif [ $? != 0 ] ; then\n    # print error to STDERR\n    echo \"error: The sandbox is not in sync with the Podfile.lock. Run 'pod install' or update your CocoaPods installation.\" >&2\n    exit 1\nfi\n# This output is used by Xcode 'outputs' to avoid re-running this script phase.\necho \"SUCCESS\" > \"${SCRIPT_OUTPUT_FILE_0}\"\n";
			showEnvVarsInLog = 0;
		};
		DA978AC6FD291F0A4CA70858 /* [CP] Check Pods Manifest.lock */ = {
			isa = PBXShellScriptBuildPhase;
			buildActionMask = 2147483647;
			files = (
			);
			inputFileListPaths = (
			);
			inputPaths = (
				"${PODS_PODFILE_DIR_PATH}/Podfile.lock",
				"${PODS_ROOT}/Manifest.lock",
			);
			name = "[CP] Check Pods Manifest.lock";
			outputFileListPaths = (
			);
			outputPaths = (
				"$(DERIVED_FILE_DIR)/Pods-flix-flixUITests-checkManifestLockResult.txt",
			);
			runOnlyForDeploymentPostprocessing = 0;
			shellPath = /bin/sh;
			shellScript = "diff \"${PODS_PODFILE_DIR_PATH}/Podfile.lock\" \"${PODS_ROOT}/Manifest.lock\" > /dev/null\nif [ $? != 0 ] ; then\n    # print error to STDERR\n    echo \"error: The sandbox is not in sync with the Podfile.lock. Run 'pod install' or update your CocoaPods installation.\" >&2\n    exit 1\nfi\n# This output is used by Xcode 'outputs' to avoid re-running this script phase.\necho \"SUCCESS\" > \"${SCRIPT_OUTPUT_FILE_0}\"\n";
			showEnvVarsInLog = 0;
		};
/* End PBXShellScriptBuildPhase section */

/* Begin PBXSourcesBuildPhase section */
		45B21B8023E8E06F004DE903 /* Sources */ = {
			isa = PBXSourcesBuildPhase;
			buildActionMask = 2147483647;
			files = (
				4529986423F1065700DB998E /* MovieDetailsViewController.swift in Sources */,
				45B21B8823E8E06F004DE903 /* AppDelegate.swift in Sources */,
				4529986A23F118BE00DB998E /* MovieGridDetailsViewController.swift in Sources */,
				45B21B8A23E8E06F004DE903 /* SceneDelegate.swift in Sources */,
				458BCA1B23EB984C00A97E67 /* MovieCell.swift in Sources */,
				45B21BB823E8E136004DE903 /* MoviesViewController.swift in Sources */,
				4529986623F10D5500DB998E /* MovieGridViewController.swift in Sources */,
				4529986823F1108D00DB998E /* MovieGridCell.swift in Sources */,
			);
			runOnlyForDeploymentPostprocessing = 0;
		};
		45B21B9623E8E070004DE903 /* Sources */ = {
			isa = PBXSourcesBuildPhase;
			buildActionMask = 2147483647;
			files = (
				45B21B9F23E8E070004DE903 /* flixTests.swift in Sources */,
			);
			runOnlyForDeploymentPostprocessing = 0;
		};
		45B21BA123E8E070004DE903 /* Sources */ = {
			isa = PBXSourcesBuildPhase;
			buildActionMask = 2147483647;
			files = (
				45B21BAA23E8E070004DE903 /* flixUITests.swift in Sources */,
			);
			runOnlyForDeploymentPostprocessing = 0;
		};
/* End PBXSourcesBuildPhase section */

/* Begin PBXTargetDependency section */
		45B21B9C23E8E070004DE903 /* PBXTargetDependency */ = {
			isa = PBXTargetDependency;
			target = 45B21B8323E8E06F004DE903 /* flix */;
			targetProxy = 45B21B9B23E8E070004DE903 /* PBXContainerItemProxy */;
		};
		45B21BA723E8E070004DE903 /* PBXTargetDependency */ = {
			isa = PBXTargetDependency;
			target = 45B21B8323E8E06F004DE903 /* flix */;
			targetProxy = 45B21BA623E8E070004DE903 /* PBXContainerItemProxy */;
		};
/* End PBXTargetDependency section */

/* Begin PBXVariantGroup section */
		45B21B8D23E8E06F004DE903 /* Main.storyboard */ = {
			isa = PBXVariantGroup;
			children = (
				45B21B8E23E8E06F004DE903 /* Base */,
			);
			name = Main.storyboard;
			sourceTree = "<group>";
		};
		45B21B9223E8E070004DE903 /* LaunchScreen.storyboard */ = {
			isa = PBXVariantGroup;
			children = (
				45B21B9323E8E070004DE903 /* Base */,
			);
			name = LaunchScreen.storyboard;
			sourceTree = "<group>";
		};
/* End PBXVariantGroup section */

/* Begin XCBuildConfiguration section */
		45B21BAC23E8E071004DE903 /* Debug */ = {
			isa = XCBuildConfiguration;
			buildSettings = {
				ALWAYS_SEARCH_USER_PATHS = NO;
				CLANG_ANALYZER_NONNULL = YES;
				CLANG_ANALYZER_NUMBER_OBJECT_CONVERSION = YES_AGGRESSIVE;
				CLANG_CXX_LANGUAGE_STANDARD = "gnu++14";
				CLANG_CXX_LIBRARY = "libc++";
				CLANG_ENABLE_MODULES = YES;
				CLANG_ENABLE_OBJC_ARC = YES;
				CLANG_ENABLE_OBJC_WEAK = YES;
				CLANG_WARN_BLOCK_CAPTURE_AUTORELEASING = YES;
				CLANG_WARN_BOOL_CONVERSION = YES;
				CLANG_WARN_COMMA = YES;
				CLANG_WARN_CONSTANT_CONVERSION = YES;
				CLANG_WARN_DEPRECATED_OBJC_IMPLEMENTATIONS = YES;
				CLANG_WARN_DIRECT_OBJC_ISA_USAGE = YES_ERROR;
				CLANG_WARN_DOCUMENTATION_COMMENTS = YES;
				CLANG_WARN_EMPTY_BODY = YES;
				CLANG_WARN_ENUM_CONVERSION = YES;
				CLANG_WARN_INFINITE_RECURSION = YES;
				CLANG_WARN_INT_CONVERSION = YES;
				CLANG_WARN_NON_LITERAL_NULL_CONVERSION = YES;
				CLANG_WARN_OBJC_IMPLICIT_RETAIN_SELF = YES;
				CLANG_WARN_OBJC_LITERAL_CONVERSION = YES;
				CLANG_WARN_OBJC_ROOT_CLASS = YES_ERROR;
				CLANG_WARN_RANGE_LOOP_ANALYSIS = YES;
				CLANG_WARN_STRICT_PROTOTYPES = YES;
				CLANG_WARN_SUSPICIOUS_MOVE = YES;
				CLANG_WARN_UNGUARDED_AVAILABILITY = YES_AGGRESSIVE;
				CLANG_WARN_UNREACHABLE_CODE = YES;
				CLANG_WARN__DUPLICATE_METHOD_MATCH = YES;
				COPY_PHASE_STRIP = NO;
				DEBUG_INFORMATION_FORMAT = dwarf;
				ENABLE_STRICT_OBJC_MSGSEND = YES;
				ENABLE_TESTABILITY = YES;
				GCC_C_LANGUAGE_STANDARD = gnu11;
				GCC_DYNAMIC_NO_PIC = NO;
				GCC_NO_COMMON_BLOCKS = YES;
				GCC_OPTIMIZATION_LEVEL = 0;
				GCC_PREPROCESSOR_DEFINITIONS = (
					"DEBUG=1",
					"$(inherited)",
				);
				GCC_WARN_64_TO_32_BIT_CONVERSION = YES;
				GCC_WARN_ABOUT_RETURN_TYPE = YES_ERROR;
				GCC_WARN_UNDECLARED_SELECTOR = YES;
				GCC_WARN_UNINITIALIZED_AUTOS = YES_AGGRESSIVE;
				GCC_WARN_UNUSED_FUNCTION = YES;
				GCC_WARN_UNUSED_VARIABLE = YES;
				IPHONEOS_DEPLOYMENT_TARGET = 13.2;
				MTL_ENABLE_DEBUG_INFO = INCLUDE_SOURCE;
				MTL_FAST_MATH = YES;
				ONLY_ACTIVE_ARCH = YES;
				SDKROOT = iphoneos;
				SWIFT_ACTIVE_COMPILATION_CONDITIONS = DEBUG;
				SWIFT_OPTIMIZATION_LEVEL = "-Onone";
			};
			name = Debug;
		};
		45B21BAD23E8E071004DE903 /* Release */ = {
			isa = XCBuildConfiguration;
			buildSettings = {
				ALWAYS_SEARCH_USER_PATHS = NO;
				CLANG_ANALYZER_NONNULL = YES;
				CLANG_ANALYZER_NUMBER_OBJECT_CONVERSION = YES_AGGRESSIVE;
				CLANG_CXX_LANGUAGE_STANDARD = "gnu++14";
				CLANG_CXX_LIBRARY = "libc++";
				CLANG_ENABLE_MODULES = YES;
				CLANG_ENABLE_OBJC_ARC = YES;
				CLANG_ENABLE_OBJC_WEAK = YES;
				CLANG_WARN_BLOCK_CAPTURE_AUTORELEASING = YES;
				CLANG_WARN_BOOL_CONVERSION = YES;
				CLANG_WARN_COMMA = YES;
				CLANG_WARN_CONSTANT_CONVERSION = YES;
				CLANG_WARN_DEPRECATED_OBJC_IMPLEMENTATIONS = YES;
				CLANG_WARN_DIRECT_OBJC_ISA_USAGE = YES_ERROR;
				CLANG_WARN_DOCUMENTATION_COMMENTS = YES;
				CLANG_WARN_EMPTY_BODY = YES;
				CLANG_WARN_ENUM_CONVERSION = YES;
				CLANG_WARN_INFINITE_RECURSION = YES;
				CLANG_WARN_INT_CONVERSION = YES;
				CLANG_WARN_NON_LITERAL_NULL_CONVERSION = YES;
				CLANG_WARN_OBJC_IMPLICIT_RETAIN_SELF = YES;
				CLANG_WARN_OBJC_LITERAL_CONVERSION = YES;
				CLANG_WARN_OBJC_ROOT_CLASS = YES_ERROR;
				CLANG_WARN_RANGE_LOOP_ANALYSIS = YES;
				CLANG_WARN_STRICT_PROTOTYPES = YES;
				CLANG_WARN_SUSPICIOUS_MOVE = YES;
				CLANG_WARN_UNGUARDED_AVAILABILITY = YES_AGGRESSIVE;
				CLANG_WARN_UNREACHABLE_CODE = YES;
				CLANG_WARN__DUPLICATE_METHOD_MATCH = YES;
				COPY_PHASE_STRIP = NO;
				DEBUG_INFORMATION_FORMAT = "dwarf-with-dsym";
				ENABLE_NS_ASSERTIONS = NO;
				ENABLE_STRICT_OBJC_MSGSEND = YES;
				GCC_C_LANGUAGE_STANDARD = gnu11;
				GCC_NO_COMMON_BLOCKS = YES;
				GCC_WARN_64_TO_32_BIT_CONVERSION = YES;
				GCC_WARN_ABOUT_RETURN_TYPE = YES_ERROR;
				GCC_WARN_UNDECLARED_SELECTOR = YES;
				GCC_WARN_UNINITIALIZED_AUTOS = YES_AGGRESSIVE;
				GCC_WARN_UNUSED_FUNCTION = YES;
				GCC_WARN_UNUSED_VARIABLE = YES;
				IPHONEOS_DEPLOYMENT_TARGET = 13.2;
				MTL_ENABLE_DEBUG_INFO = NO;
				MTL_FAST_MATH = YES;
				SDKROOT = iphoneos;
				SWIFT_COMPILATION_MODE = wholemodule;
				SWIFT_OPTIMIZATION_LEVEL = "-O";
				VALIDATE_PRODUCT = YES;
			};
			name = Release;
		};
		45B21BAF23E8E071004DE903 /* Debug */ = {
			isa = XCBuildConfiguration;
			baseConfigurationReference = 875C8D23347BE52B1CE24C5B /* Pods-flix.debug.xcconfig */;
			buildSettings = {
				ASSETCATALOG_COMPILER_APPICON_NAME = AppIcon;
				CODE_SIGN_STYLE = Automatic;
				DEVELOPMENT_TEAM = 34Z8HRUM4W;
				INFOPLIST_FILE = flix/Info.plist;
				LD_RUNPATH_SEARCH_PATHS = (
					"$(inherited)",
					"@executable_path/Frameworks",
				);
				PRODUCT_BUNDLE_IDENTIFIER = com.carrillo.flix;
				PRODUCT_NAME = "$(TARGET_NAME)";
				SWIFT_VERSION = 5.0;
				TARGETED_DEVICE_FAMILY = "1,2";
			};
			name = Debug;
		};
		45B21BB023E8E071004DE903 /* Release */ = {
			isa = XCBuildConfiguration;
			baseConfigurationReference = 94FBFCE69EC23279BE92ACF6 /* Pods-flix.release.xcconfig */;
			buildSettings = {
				ASSETCATALOG_COMPILER_APPICON_NAME = AppIcon;
				CODE_SIGN_STYLE = Automatic;
				DEVELOPMENT_TEAM = 34Z8HRUM4W;
				INFOPLIST_FILE = flix/Info.plist;
				LD_RUNPATH_SEARCH_PATHS = (
					"$(inherited)",
					"@executable_path/Frameworks",
				);
				PRODUCT_BUNDLE_IDENTIFIER = com.carrillo.flix;
				PRODUCT_NAME = "$(TARGET_NAME)";
				SWIFT_VERSION = 5.0;
				TARGETED_DEVICE_FAMILY = "1,2";
			};
			name = Release;
		};
		45B21BB223E8E071004DE903 /* Debug */ = {
			isa = XCBuildConfiguration;
			baseConfigurationReference = 0D970D6BD67BBE0FBFEB1FF6 /* Pods-flixTests.debug.xcconfig */;
			buildSettings = {
				ALWAYS_EMBED_SWIFT_STANDARD_LIBRARIES = YES;
				BUNDLE_LOADER = "$(TEST_HOST)";
				CODE_SIGN_STYLE = Automatic;
				DEVELOPMENT_TEAM = 34Z8HRUM4W;
				INFOPLIST_FILE = flixTests/Info.plist;
				IPHONEOS_DEPLOYMENT_TARGET = 13.2;
				LD_RUNPATH_SEARCH_PATHS = (
					"$(inherited)",
					"@executable_path/Frameworks",
					"@loader_path/Frameworks",
				);
				PRODUCT_BUNDLE_IDENTIFIER = com.carrillo.flixTests;
				PRODUCT_NAME = "$(TARGET_NAME)";
				SWIFT_VERSION = 5.0;
				TARGETED_DEVICE_FAMILY = "1,2";
				TEST_HOST = "$(BUILT_PRODUCTS_DIR)/flix.app/flix";
			};
			name = Debug;
		};
		45B21BB323E8E071004DE903 /* Release */ = {
			isa = XCBuildConfiguration;
			baseConfigurationReference = DB13408DCEB2937C8506D97B /* Pods-flixTests.release.xcconfig */;
			buildSettings = {
				ALWAYS_EMBED_SWIFT_STANDARD_LIBRARIES = YES;
				BUNDLE_LOADER = "$(TEST_HOST)";
				CODE_SIGN_STYLE = Automatic;
				DEVELOPMENT_TEAM = 34Z8HRUM4W;
				INFOPLIST_FILE = flixTests/Info.plist;
				IPHONEOS_DEPLOYMENT_TARGET = 13.2;
				LD_RUNPATH_SEARCH_PATHS = (
					"$(inherited)",
					"@executable_path/Frameworks",
					"@loader_path/Frameworks",
				);
				PRODUCT_BUNDLE_IDENTIFIER = com.carrillo.flixTests;
				PRODUCT_NAME = "$(TARGET_NAME)";
				SWIFT_VERSION = 5.0;
				TARGETED_DEVICE_FAMILY = "1,2";
				TEST_HOST = "$(BUILT_PRODUCTS_DIR)/flix.app/flix";
			};
			name = Release;
		};
		45B21BB523E8E071004DE903 /* Debug */ = {
			isa = XCBuildConfiguration;
			baseConfigurationReference = 4EB24CC1FB96540354445F61 /* Pods-flix-flixUITests.debug.xcconfig */;
			buildSettings = {
				ALWAYS_EMBED_SWIFT_STANDARD_LIBRARIES = YES;
				CODE_SIGN_STYLE = Automatic;
				DEVELOPMENT_TEAM = 34Z8HRUM4W;
				INFOPLIST_FILE = flixUITests/Info.plist;
				LD_RUNPATH_SEARCH_PATHS = (
					"$(inherited)",
					"@executable_path/Frameworks",
					"@loader_path/Frameworks",
				);
				PRODUCT_BUNDLE_IDENTIFIER = com.carrillo.flixUITests;
				PRODUCT_NAME = "$(TARGET_NAME)";
				SWIFT_VERSION = 5.0;
				TARGETED_DEVICE_FAMILY = "1,2";
				TEST_TARGET_NAME = flix;
			};
			name = Debug;
		};
		45B21BB623E8E071004DE903 /* Release */ = {
			isa = XCBuildConfiguration;
			baseConfigurationReference = 60139732AECDB98CA9B6583E /* Pods-flix-flixUITests.release.xcconfig */;
			buildSettings = {
				ALWAYS_EMBED_SWIFT_STANDARD_LIBRARIES = YES;
				CODE_SIGN_STYLE = Automatic;
				DEVELOPMENT_TEAM = 34Z8HRUM4W;
				INFOPLIST_FILE = flixUITests/Info.plist;
				LD_RUNPATH_SEARCH_PATHS = (
					"$(inherited)",
					"@executable_path/Frameworks",
					"@loader_path/Frameworks",
				);
				PRODUCT_BUNDLE_IDENTIFIER = com.carrillo.flixUITests;
				PRODUCT_NAME = "$(TARGET_NAME)";
				SWIFT_VERSION = 5.0;
				TARGETED_DEVICE_FAMILY = "1,2";
				TEST_TARGET_NAME = flix;
			};
			name = Release;
		};
/* End XCBuildConfiguration section */

/* Begin XCConfigurationList section */
		45B21B7F23E8E06F004DE903 /* Build configuration list for PBXProject "flix" */ = {
			isa = XCConfigurationList;
			buildConfigurations = (
				45B21BAC23E8E071004DE903 /* Debug */,
				45B21BAD23E8E071004DE903 /* Release */,
			);
			defaultConfigurationIsVisible = 0;
			defaultConfigurationName = Release;
		};
		45B21BAE23E8E071004DE903 /* Build configuration list for PBXNativeTarget "flix" */ = {
			isa = XCConfigurationList;
			buildConfigurations = (
				45B21BAF23E8E071004DE903 /* Debug */,
				45B21BB023E8E071004DE903 /* Release */,
			);
			defaultConfigurationIsVisible = 0;
			defaultConfigurationName = Release;
		};
		45B21BB123E8E071004DE903 /* Build configuration list for PBXNativeTarget "flixTests" */ = {
			isa = XCConfigurationList;
			buildConfigurations = (
				45B21BB223E8E071004DE903 /* Debug */,
				45B21BB323E8E071004DE903 /* Release */,
			);
			defaultConfigurationIsVisible = 0;
			defaultConfigurationName = Release;
		};
		45B21BB423E8E071004DE903 /* Build configuration list for PBXNativeTarget "flixUITests" */ = {
			isa = XCConfigurationList;
			buildConfigurations = (
				45B21BB523E8E071004DE903 /* Debug */,
				45B21BB623E8E071004DE903 /* Release */,
			);
			defaultConfigurationIsVisible = 0;
			defaultConfigurationName = Release;
		};
/* End XCConfigurationList section */
	};
	rootObject = 45B21B7C23E8E06F004DE903 /* Project object */;
}
